
Microsoft Visual Studio Solution File, Format Version 12.00
# Visual Studio Version 16
VisualStudioVersion = 16.0.30204.135
MinimumVisualStudioVersion = 10.0.40219.1
Project("{FAE04EC0-301F-11D3-BF4B-00C04F79EFBC}") = "AtacFeed", "WindowsFormsApp3\AtacFeed.csproj", "{60668EB4-88EA-4ABA-BBCA-72C0F4316C19}"
EndProject
Global
	GlobalSection(SolutionConfigurationPlatforms) = preSolution
		Debug|Any CPU = Debug|Any CPU
		Release|Any CPU = Release|Any CPU
	EndGlobalSection
	GlobalSection(ProjectConfigurationPlatforms) = postSolution
		{60668EB4-88EA-4ABA-BBCA-72C0F4316C19}.Debug|Any CPU.ActiveCfg = Debug|Any CPU
		{60668EB4-88EA-4ABA-BBCA-72C0F4316C19}.Debug|Any CPU.Build.0 = Debug|Any CPU
		{60668EB4-88EA-4ABA-BBCA-72C0F4316C19}.Release|Any CPU.ActiveCfg = Release|Any CPU
		{60668EB4-88EA-4ABA-BBCA-72C0F4316C19}.Release|Any CPU.Build.0 = Release|Any CPU
	EndGlobalSection
	GlobalSection(SolutionProperties) = preSolution
		HideSolutionNode = FALSE
	EndGlobalSection
	GlobalSection(ExtensibilityGlobals) = postSolution
		SolutionGuid = {AAA7B811-90CC-402F-A99E-F7A7DC64C68D}
	EndGlobalSection
EndGlobal
